
Microsoft Visual Studio Solution File, Format Version 12.00
# Visual Studio Version 17
VisualStudioVersion = 17.4.33122.133
MinimumVisualStudioVersion = 10.0.40219.1
Project("{FAE04EC0-301F-11D3-BF4B-00C04F79EFBC}") = "Exercicio_1", "Exercicio_1\Exercicio_1.csproj", "{FBB6F5BF-AE4F-45C6-813D-8EBF59C5AFD7}"
EndProject
Global
	GlobalSection(SolutionConfigurationPlatforms) = preSolution
		Debug|Any CPU = Debug|Any CPU
		Release|Any CPU = Release|Any CPU
	EndGlobalSection
	GlobalSection(ProjectConfigurationPlatforms) = postSolution
		{FBB6F5BF-AE4F-45C6-813D-8EBF59C5AFD7}.Debug|Any CPU.ActiveCfg = Debug|Any CPU
		{FBB6F5BF-AE4F-45C6-813D-8EBF59C5AFD7}.Debug|Any CPU.Build.0 = Debug|Any CPU
		{FBB6F5BF-AE4F-45C6-813D-8EBF59C5AFD7}.Release|Any CPU.ActiveCfg = Release|Any CPU
		{FBB6F5BF-AE4F-45C6-813D-8EBF59C5AFD7}.Release|Any CPU.Build.0 = Release|Any CPU
	EndGlobalSection
	GlobalSection(SolutionProperties) = preSolution
		HideSolutionNode = FALSE
	EndGlobalSection
	GlobalSection(ExtensibilityGlobals) = postSolution
		SolutionGuid = {FA5E09A4-2F5C-4BB2-93D8-9261EF5FE307}
	EndGlobalSection
EndGlobal
