
Microsoft Visual Studio Solution File, Format Version 12.00
# Visual Studio Version 17
VisualStudioVersion = 17.4.33205.214
MinimumVisualStudioVersion = 10.0.40219.1
Project("{FAE04EC0-301F-11D3-BF4B-00C04F79EFBC}") = "ApiCartaoPonto", "ApiCartaoPonto.csproj", "{1FF40E9F-6DED-4F18-BAE3-3CE9FFA15273}"
EndProject
Project("{FAE04EC0-301F-11D3-BF4B-00C04F79EFBC}") = "ApiCartaoPonto.Domain", "..\ApiCartaoPonto.Domain\ApiCartaoPonto.Domain.csproj", "{50BB4F36-D3C9-494B-8C38-2B6C773F38B4}"
EndProject
Project("{FAE04EC0-301F-11D3-BF4B-00C04F79EFBC}") = "ApiCartaoPonto.Repositories", "..\ApiCartaoPonto.Repositories\ApiCartaoPonto.Repositories.csproj", "{E5815799-86C7-443F-9D43-694304AF58E0}"
EndProject
Project("{FAE04EC0-301F-11D3-BF4B-00C04F79EFBC}") = "ApiCartaoPonto.Services", "..\ApiCartaoPonto.Services\ApiCartaoPonto.Services.csproj", "{DCDC44EB-9796-4B83-9692-E00090B3C6A6}"
EndProject
Project("{FAE04EC0-301F-11D3-BF4B-00C04F79EFBC}") = "ApiCartaoPonto.Ioc", "..\ApiCartaoPonto.Ioc\ApiCartaoPonto.Ioc.csproj", "{7A048EA6-38ED-4769-A570-FA7E27AEE3BB}"
EndProject
Global
	GlobalSection(SolutionConfigurationPlatforms) = preSolution
		Debug|Any CPU = Debug|Any CPU
		Release|Any CPU = Release|Any CPU
	EndGlobalSection
	GlobalSection(ProjectConfigurationPlatforms) = postSolution
		{1FF40E9F-6DED-4F18-BAE3-3CE9FFA15273}.Debug|Any CPU.ActiveCfg = Debug|Any CPU
		{1FF40E9F-6DED-4F18-BAE3-3CE9FFA15273}.Debug|Any CPU.Build.0 = Debug|Any CPU
		{1FF40E9F-6DED-4F18-BAE3-3CE9FFA15273}.Release|Any CPU.ActiveCfg = Release|Any CPU
		{1FF40E9F-6DED-4F18-BAE3-3CE9FFA15273}.Release|Any CPU.Build.0 = Release|Any CPU
		{50BB4F36-D3C9-494B-8C38-2B6C773F38B4}.Debug|Any CPU.ActiveCfg = Debug|Any CPU
		{50BB4F36-D3C9-494B-8C38-2B6C773F38B4}.Debug|Any CPU.Build.0 = Debug|Any CPU
		{50BB4F36-D3C9-494B-8C38-2B6C773F38B4}.Release|Any CPU.ActiveCfg = Release|Any CPU
		{50BB4F36-D3C9-494B-8C38-2B6C773F38B4}.Release|Any CPU.Build.0 = Release|Any CPU
		{E5815799-86C7-443F-9D43-694304AF58E0}.Debug|Any CPU.ActiveCfg = Debug|Any CPU
		{E5815799-86C7-443F-9D43-694304AF58E0}.Debug|Any CPU.Build.0 = Debug|Any CPU
		{E5815799-86C7-443F-9D43-694304AF58E0}.Release|Any CPU.ActiveCfg = Release|Any CPU
		{E5815799-86C7-443F-9D43-694304AF58E0}.Release|Any CPU.Build.0 = Release|Any CPU
		{DCDC44EB-9796-4B83-9692-E00090B3C6A6}.Debug|Any CPU.ActiveCfg = Debug|Any CPU
		{DCDC44EB-9796-4B83-9692-E00090B3C6A6}.Debug|Any CPU.Build.0 = Debug|Any CPU
		{DCDC44EB-9796-4B83-9692-E00090B3C6A6}.Release|Any CPU.ActiveCfg = Release|Any CPU
		{DCDC44EB-9796-4B83-9692-E00090B3C6A6}.Release|Any CPU.Build.0 = Release|Any CPU
		{7A048EA6-38ED-4769-A570-FA7E27AEE3BB}.Debug|Any CPU.ActiveCfg = Debug|Any CPU
		{7A048EA6-38ED-4769-A570-FA7E27AEE3BB}.Debug|Any CPU.Build.0 = Debug|Any CPU
		{7A048EA6-38ED-4769-A570-FA7E27AEE3BB}.Release|Any CPU.ActiveCfg = Release|Any CPU
		{7A048EA6-38ED-4769-A570-FA7E27AEE3BB}.Release|Any CPU.Build.0 = Release|Any CPU
	EndGlobalSection
	GlobalSection(SolutionProperties) = preSolution
		HideSolutionNode = FALSE
	EndGlobalSection
	GlobalSection(ExtensibilityGlobals) = postSolution
		SolutionGuid = {16815987-0429-40D4-8C98-3A318BD29FA9}
	EndGlobalSection
EndGlobal
